
Microsoft Visual Studio Solution File, Format Version 12.00
# Visual Studio Version 17
VisualStudioVersion = 17.11.35303.130
MinimumVisualStudioVersion = 10.0.40219.1
Project("{FAE04EC0-301F-11D3-BF4B-00C04F79EFBC}") = "HelloWorld", "HelloWorld.csproj", "{0931D24F-7CCD-4706-9519-A8103B562AF9}"
EndProject
Global
	GlobalSection(SolutionConfigurationPlatforms) = preSolution
		Debug|Any CPU = Debug|Any CPU
		Release|Any CPU = Release|Any CPU
	EndGlobalSection
	GlobalSection(ProjectConfigurationPlatforms) = postSolution
		{0931D24F-7CCD-4706-9519-A8103B562AF9}.Debug|Any CPU.ActiveCfg = Debug|Any CPU
		{0931D24F-7CCD-4706-9519-A8103B562AF9}.Debug|Any CPU.Build.0 = Debug|Any CPU
		{0931D24F-7CCD-4706-9519-A8103B562AF9}.Release|Any CPU.ActiveCfg = Release|Any CPU
		{0931D24F-7CCD-4706-9519-A8103B562AF9}.Release|Any CPU.Build.0 = Release|Any CPU
	EndGlobalSection
	GlobalSection(SolutionProperties) = preSolution
		HideSolutionNode = FALSE
	EndGlobalSection
	GlobalSection(ExtensibilityGlobals) = postSolution
		SolutionGuid = {D44C9618-F7E3-4DD2-B520-80A732B816CA}
	EndGlobalSection
EndGlobal
